// !$*UTF8*$!
{
	archiveVersion = 1;
	classes = {
	};
	objectVersion = 56;
	objects = {

/* Begin PBXBuildFile section */
		CA0A81A82BAE278100B31139 /* AppDelegate.swift in Sources */ = {isa = PBXBuildFile; fileRef = CA0A81A72BAE278100B31139 /* AppDelegate.swift */; };
		CA0A81AA2BAE278100B31139 /* SceneDelegate.swift in Sources */ = {isa = PBXBuildFile; fileRef = CA0A81A92BAE278100B31139 /* SceneDelegate.swift */; };
		CA0A81AC2BAE278100B31139 /* LoginViewController.swift in Sources */ = {isa = PBXBuildFile; fileRef = CA0A81AB2BAE278100B31139 /* LoginViewController.swift */; };
		CA0A81AF2BAE278100B31139 /* Base in Resources */ = {isa = PBXBuildFile; fileRef = CA0A81AE2BAE278100B31139 /* Base */; };
		CA0A81B12BAE278200B31139 /* Assets.xcassets in Resources */ = {isa = PBXBuildFile; fileRef = CA0A81B02BAE278200B31139 /* Assets.xcassets */; };
		CA0A81B42BAE278200B31139 /* Base in Resources */ = {isa = PBXBuildFile; fileRef = CA0A81B32BAE278200B31139 /* Base */; };
		CA0A81BD2BAE2A7500B31139 /* LoginView.swift in Sources */ = {isa = PBXBuildFile; fileRef = CA0A81BC2BAE2A7500B31139 /* LoginView.swift */; };
		CA0A81C02BB0C86000B31139 /* OnboardingContainerController.swift in Sources */ = {isa = PBXBuildFile; fileRef = CA0A81BF2BB0C86000B31139 /* OnboardingContainerController.swift */; };
		CA0A81C22BB0E26000B31139 /* OnboardingViewController.swift in Sources */ = {isa = PBXBuildFile; fileRef = CA0A81C12BB0E26000B31139 /* OnboardingViewController.swift */; };
		CA0A81C52BB1425400B31139 /* LocalState.swift in Sources */ = {isa = PBXBuildFile; fileRef = CA0A81C42BB1425400B31139 /* LocalState.swift */; };
		CA0A81C82BB158D900B31139 /* MainViewController.swift in Sources */ = {isa = PBXBuildFile; fileRef = CA0A81C72BB158D900B31139 /* MainViewController.swift */; };
		CA0A81CB2BB1597200B31139 /* AccountSummaryViewController.swift in Sources */ = {isa = PBXBuildFile; fileRef = CA0A81CA2BB1597200B31139 /* AccountSummaryViewController.swift */; };
		CA0A81CF2BB159CC00B31139 /* MoveMoneyViewController.swift in Sources */ = {isa = PBXBuildFile; fileRef = CA0A81CE2BB159CC00B31139 /* MoveMoneyViewController.swift */; };
		CA0A81D12BB159E600B31139 /* MoreViewController.swift in Sources */ = {isa = PBXBuildFile; fileRef = CA0A81D02BB159E600B31139 /* MoreViewController.swift */; };
		CA0A81D32BB15CC400B31139 /* CustomColors.swift in Sources */ = {isa = PBXBuildFile; fileRef = CA0A81D22BB15CC400B31139 /* CustomColors.swift */; };
		CA0A81D52BB15E6600B31139 /* UIViewController+Utils.swift in Sources */ = {isa = PBXBuildFile; fileRef = CA0A81D42BB15E6600B31139 /* UIViewController+Utils.swift */; };
		CA0A81D72BB2297B00B31139 /* AccountSummaryHeaderView.swift in Sources */ = {isa = PBXBuildFile; fileRef = CA0A81D62BB2297B00B31139 /* AccountSummaryHeaderView.swift */; };
		CA0A81D92BB229B400B31139 /* AccountSummaryHeaderView.xib in Resources */ = {isa = PBXBuildFile; fileRef = CA0A81D82BB229B400B31139 /* AccountSummaryHeaderView.xib */; };
		CA0A81DD2BB24A7200B31139 /* AccountSummaryCell.swift in Sources */ = {isa = PBXBuildFile; fileRef = CA0A81DC2BB24A7200B31139 /* AccountSummaryCell.swift */; };
		CA0A81DF2BB24BCF00B31139 /* AccountSummaryCell.xib in Resources */ = {isa = PBXBuildFile; fileRef = CA0A81DE2BB24BCF00B31139 /* AccountSummaryCell.xib */; };
		CA0A81E12BB2950100B31139 /* AccountModel.swift in Sources */ = {isa = PBXBuildFile; fileRef = CA0A81E02BB2950100B31139 /* AccountModel.swift */; };
		CA0A81E32BB29D6F00B31139 /* Decimal+Utils.swift in Sources */ = {isa = PBXBuildFile; fileRef = CA0A81E22BB29D6F00B31139 /* Decimal+Utils.swift */; };
		CA1E63652BB2D88900EDB66E /* CurrencyFormatterTests.swift in Sources */ = {isa = PBXBuildFile; fileRef = CA1E63642BB2D88900EDB66E /* CurrencyFormatterTests.swift */; };
		CA1E63672BB2E04500EDB66E /* CurrencyFormatter.swift in Sources */ = {isa = PBXBuildFile; fileRef = CA1E63662BB2E04500EDB66E /* CurrencyFormatter.swift */; };
		CA1E63692BB36E5800EDB66E /* NSNotificationName+Utils.swift in Sources */ = {isa = PBXBuildFile; fileRef = CA1E63682BB36E5800EDB66E /* NSNotificationName+Utils.swift */; };
		CA4BF4D92BB37780003483C0 /* UITextField+Utils.swift in Sources */ = {isa = PBXBuildFile; fileRef = CA4BF4D82BB37780003483C0 /* UITextField+Utils.swift */; };
		CA4BF4DE2BB3BD87003483C0 /* ShakyBellView.swift in Sources */ = {isa = PBXBuildFile; fileRef = CA4BF4DD2BB3BD87003483C0 /* ShakyBellView.swift */; };
		CA4BF4E22BB4C473003483C0 /* AccountSummaryHeaderModel.swift in Sources */ = {isa = PBXBuildFile; fileRef = CA4BF4E12BB4C473003483C0 /* AccountSummaryHeaderModel.swift */; };
		CA4BF4E42BB4C734003483C0 /* Date+Utils.swift in Sources */ = {isa = PBXBuildFile; fileRef = CA4BF4E32BB4C734003483C0 /* Date+Utils.swift */; };
		CA4BF4E62BB4C921003483C0 /* AccountSummaryViewController+Networking.swift in Sources */ = {isa = PBXBuildFile; fileRef = CA4BF4E52BB4C921003483C0 /* AccountSummaryViewController+Networking.swift */; };
		CA4BF4E82BB4D75E003483C0 /* ProfileModel.swift in Sources */ = {isa = PBXBuildFile; fileRef = CA4BF4E72BB4D75E003483C0 /* ProfileModel.swift */; };
		CA4BF4EC2BB4DDB7003483C0 /* ProfileTests.swift in Sources */ = {isa = PBXBuildFile; fileRef = CA4BF4EB2BB4DDB7003483C0 /* ProfileTests.swift */; };
		CA4BF4EE2BB4E084003483C0 /* AccountTest.swift in Sources */ = {isa = PBXBuildFile; fileRef = CA4BF4ED2BB4E084003483C0 /* AccountTest.swift */; };
		CA4BF4F02BB54C2D003483C0 /* SkeletonLoadable.swift in Sources */ = {isa = PBXBuildFile; fileRef = CA4BF4EF2BB54C2D003483C0 /* SkeletonLoadable.swift */; };
		CA4BF4F22BB54D51003483C0 /* SkeletonCell.swift in Sources */ = {isa = PBXBuildFile; fileRef = CA4BF4F12BB54D51003483C0 /* SkeletonCell.swift */; };
		CA4BF4F52BB639BB003483C0 /* ProfileManager.swift in Sources */ = {isa = PBXBuildFile; fileRef = CA4BF4F42BB639BB003483C0 /* ProfileManager.swift */; };
		CA4BF4F72BB63CD4003483C0 /* AccountSummaryViewControllerTest.swift in Sources */ = {isa = PBXBuildFile; fileRef = CA4BF4F62BB63CD4003483C0 /* AccountSummaryViewControllerTest.swift */; };
/* End PBXBuildFile section */

/* Begin PBXContainerItemProxy section */
		CA1E635F2BB2D61A00EDB66E /* PBXContainerItemProxy */ = {
			isa = PBXContainerItemProxy;
			containerPortal = CA0A819C2BAE278100B31139 /* Project object */;
			proxyType = 1;
			remoteGlobalIDString = CA0A81A32BAE278100B31139;
			remoteInfo = bank;
		};
/* End PBXContainerItemProxy section */

/* Begin PBXFileReference section */
		CA0A81A42BAE278100B31139 /* Bank.app */ = {isa = PBXFileReference; explicitFileType = wrapper.application; includeInIndex = 0; path = Bank.app; sourceTree = BUILT_PRODUCTS_DIR; };
		CA0A81A72BAE278100B31139 /* AppDelegate.swift */ = {isa = PBXFileReference; lastKnownFileType = sourcecode.swift; path = AppDelegate.swift; sourceTree = "<group>"; };
		CA0A81A92BAE278100B31139 /* SceneDelegate.swift */ = {isa = PBXFileReference; lastKnownFileType = sourcecode.swift; path = SceneDelegate.swift; sourceTree = "<group>"; };
		CA0A81AB2BAE278100B31139 /* LoginViewController.swift */ = {isa = PBXFileReference; lastKnownFileType = sourcecode.swift; path = LoginViewController.swift; sourceTree = "<group>"; };
		CA0A81AE2BAE278100B31139 /* Base */ = {isa = PBXFileReference; lastKnownFileType = file.storyboard; name = Base; path = Base.lproj/Main.storyboard; sourceTree = "<group>"; };
		CA0A81B02BAE278200B31139 /* Assets.xcassets */ = {isa = PBXFileReference; lastKnownFileType = folder.assetcatalog; path = Assets.xcassets; sourceTree = "<group>"; };
		CA0A81B32BAE278200B31139 /* Base */ = {isa = PBXFileReference; lastKnownFileType = file.storyboard; name = Base; path = Base.lproj/LaunchScreen.storyboard; sourceTree = "<group>"; };
		CA0A81B52BAE278200B31139 /* Info.plist */ = {isa = PBXFileReference; lastKnownFileType = text.plist.xml; path = Info.plist; sourceTree = "<group>"; };
		CA0A81BC2BAE2A7500B31139 /* LoginView.swift */ = {isa = PBXFileReference; lastKnownFileType = sourcecode.swift; path = LoginView.swift; sourceTree = "<group>"; };
		CA0A81BF2BB0C86000B31139 /* OnboardingContainerController.swift */ = {isa = PBXFileReference; lastKnownFileType = sourcecode.swift; path = OnboardingContainerController.swift; sourceTree = "<group>"; };
		CA0A81C12BB0E26000B31139 /* OnboardingViewController.swift */ = {isa = PBXFileReference; lastKnownFileType = sourcecode.swift; path = OnboardingViewController.swift; sourceTree = "<group>"; };
		CA0A81C42BB1425400B31139 /* LocalState.swift */ = {isa = PBXFileReference; lastKnownFileType = sourcecode.swift; path = LocalState.swift; sourceTree = "<group>"; };
		CA0A81C72BB158D900B31139 /* MainViewController.swift */ = {isa = PBXFileReference; lastKnownFileType = sourcecode.swift; path = MainViewController.swift; sourceTree = "<group>"; };
		CA0A81CA2BB1597200B31139 /* AccountSummaryViewController.swift */ = {isa = PBXFileReference; lastKnownFileType = sourcecode.swift; path = AccountSummaryViewController.swift; sourceTree = "<group>"; };
		CA0A81CE2BB159CC00B31139 /* MoveMoneyViewController.swift */ = {isa = PBXFileReference; lastKnownFileType = sourcecode.swift; path = MoveMoneyViewController.swift; sourceTree = "<group>"; };
		CA0A81D02BB159E600B31139 /* MoreViewController.swift */ = {isa = PBXFileReference; lastKnownFileType = sourcecode.swift; path = MoreViewController.swift; sourceTree = "<group>"; };
		CA0A81D22BB15CC400B31139 /* CustomColors.swift */ = {isa = PBXFileReference; lastKnownFileType = sourcecode.swift; path = CustomColors.swift; sourceTree = "<group>"; };
		CA0A81D42BB15E6600B31139 /* UIViewController+Utils.swift */ = {isa = PBXFileReference; lastKnownFileType = sourcecode.swift; path = "UIViewController+Utils.swift"; sourceTree = "<group>"; };
		CA0A81D62BB2297B00B31139 /* AccountSummaryHeaderView.swift */ = {isa = PBXFileReference; lastKnownFileType = sourcecode.swift; path = AccountSummaryHeaderView.swift; sourceTree = "<group>"; };
		CA0A81D82BB229B400B31139 /* AccountSummaryHeaderView.xib */ = {isa = PBXFileReference; lastKnownFileType = file.xib; path = AccountSummaryHeaderView.xib; sourceTree = "<group>"; };
		CA0A81DC2BB24A7200B31139 /* AccountSummaryCell.swift */ = {isa = PBXFileReference; lastKnownFileType = sourcecode.swift; path = AccountSummaryCell.swift; sourceTree = "<group>"; };
		CA0A81DE2BB24BCF00B31139 /* AccountSummaryCell.xib */ = {isa = PBXFileReference; lastKnownFileType = file.xib; path = AccountSummaryCell.xib; sourceTree = "<group>"; };
		CA0A81E02BB2950100B31139 /* AccountModel.swift */ = {isa = PBXFileReference; lastKnownFileType = sourcecode.swift; path = AccountModel.swift; sourceTree = "<group>"; };
		CA0A81E22BB29D6F00B31139 /* Decimal+Utils.swift */ = {isa = PBXFileReference; lastKnownFileType = sourcecode.swift; path = "Decimal+Utils.swift"; sourceTree = "<group>"; };
		CA1E635B2BB2D61A00EDB66E /* BankUnitTests.xctest */ = {isa = PBXFileReference; explicitFileType = wrapper.cfbundle; includeInIndex = 0; path = BankUnitTests.xctest; sourceTree = BUILT_PRODUCTS_DIR; };
		CA1E63642BB2D88900EDB66E /* CurrencyFormatterTests.swift */ = {isa = PBXFileReference; lastKnownFileType = sourcecode.swift; path = CurrencyFormatterTests.swift; sourceTree = "<group>"; };
		CA1E63662BB2E04500EDB66E /* CurrencyFormatter.swift */ = {isa = PBXFileReference; lastKnownFileType = sourcecode.swift; path = CurrencyFormatter.swift; sourceTree = "<group>"; };
		CA1E63682BB36E5800EDB66E /* NSNotificationName+Utils.swift */ = {isa = PBXFileReference; lastKnownFileType = sourcecode.swift; path = "NSNotificationName+Utils.swift"; sourceTree = "<group>"; };
		CA4BF4D82BB37780003483C0 /* UITextField+Utils.swift */ = {isa = PBXFileReference; lastKnownFileType = sourcecode.swift; path = "UITextField+Utils.swift"; sourceTree = "<group>"; };
		CA4BF4DD2BB3BD87003483C0 /* ShakyBellView.swift */ = {isa = PBXFileReference; lastKnownFileType = sourcecode.swift; path = ShakyBellView.swift; sourceTree = "<group>"; };
		CA4BF4E12BB4C473003483C0 /* AccountSummaryHeaderModel.swift */ = {isa = PBXFileReference; lastKnownFileType = sourcecode.swift; path = AccountSummaryHeaderModel.swift; sourceTree = "<group>"; };
		CA4BF4E32BB4C734003483C0 /* Date+Utils.swift */ = {isa = PBXFileReference; lastKnownFileType = sourcecode.swift; path = "Date+Utils.swift"; sourceTree = "<group>"; };
		CA4BF4E52BB4C921003483C0 /* AccountSummaryViewController+Networking.swift */ = {isa = PBXFileReference; lastKnownFileType = sourcecode.swift; path = "AccountSummaryViewController+Networking.swift"; sourceTree = "<group>"; };
		CA4BF4E72BB4D75E003483C0 /* ProfileModel.swift */ = {isa = PBXFileReference; lastKnownFileType = sourcecode.swift; path = ProfileModel.swift; sourceTree = "<group>"; };
		CA4BF4EB2BB4DDB7003483C0 /* ProfileTests.swift */ = {isa = PBXFileReference; lastKnownFileType = sourcecode.swift; path = ProfileTests.swift; sourceTree = "<group>"; };
		CA4BF4ED2BB4E084003483C0 /* AccountTest.swift */ = {isa = PBXFileReference; lastKnownFileType = sourcecode.swift; path = AccountTest.swift; sourceTree = "<group>"; };
		CA4BF4EF2BB54C2D003483C0 /* SkeletonLoadable.swift */ = {isa = PBXFileReference; lastKnownFileType = sourcecode.swift; path = SkeletonLoadable.swift; sourceTree = "<group>"; };
		CA4BF4F12BB54D51003483C0 /* SkeletonCell.swift */ = {isa = PBXFileReference; lastKnownFileType = sourcecode.swift; path = SkeletonCell.swift; sourceTree = "<group>"; };
		CA4BF4F42BB639BB003483C0 /* ProfileManager.swift */ = {isa = PBXFileReference; lastKnownFileType = sourcecode.swift; path = ProfileManager.swift; sourceTree = "<group>"; };
		CA4BF4F62BB63CD4003483C0 /* AccountSummaryViewControllerTest.swift */ = {isa = PBXFileReference; lastKnownFileType = sourcecode.swift; path = AccountSummaryViewControllerTest.swift; sourceTree = "<group>"; };
/* End PBXFileReference section */

/* Begin PBXFrameworksBuildPhase section */
		CA0A81A12BAE278100B31139 /* Frameworks */ = {
			isa = PBXFrameworksBuildPhase;
			buildActionMask = 2147483647;
			files = (
			);
			runOnlyForDeploymentPostprocessing = 0;
		};
		CA1E63582BB2D61A00EDB66E /* Frameworks */ = {
			isa = PBXFrameworksBuildPhase;
			buildActionMask = 2147483647;
			files = (
			);
			runOnlyForDeploymentPostprocessing = 0;
		};
/* End PBXFrameworksBuildPhase section */

/* Begin PBXGroup section */
		CA0A819B2BAE278100B31139 = {
			isa = PBXGroup;
			children = (
				CA0A81A62BAE278100B31139 /* Bank */,
				CA1E635C2BB2D61A00EDB66E /* BankUnitTests */,
				CA0A81A52BAE278100B31139 /* Products */,
			);
			sourceTree = "<group>";
		};
		CA0A81A52BAE278100B31139 /* Products */ = {
			isa = PBXGroup;
			children = (
				CA0A81A42BAE278100B31139 /* Bank.app */,
				CA1E635B2BB2D61A00EDB66E /* BankUnitTests.xctest */,
			);
			name = Products;
			sourceTree = "<group>";
		};
		CA0A81A62BAE278100B31139 /* Bank */ = {
			isa = PBXGroup;
			children = (
				CA4BF4DA2BB3BCCB003483C0 /* Components */,
				CA0A81BB2BAE2A1000B31139 /* Login */,
				CA0A81BE2BB0C83800B31139 /* Onboarding */,
				CA0A81C92BB1595100B31139 /* AccountSummary */,
				CA0A81CC2BB1599100B31139 /* MoveMoney */,
				CA0A81CD2BB159AF00B31139 /* More */,
				CA0A81C32BB1424000B31139 /* Utils */,
				CA0A81C62BB1579D00B31139 /* Files */,
				CA0A81C72BB158D900B31139 /* MainViewController.swift */,
				CA0A81B52BAE278200B31139 /* Info.plist */,
			);
			path = Bank;
			sourceTree = "<group>";
		};
		CA0A81BB2BAE2A1000B31139 /* Login */ = {
			isa = PBXGroup;
			children = (
				CA0A81AB2BAE278100B31139 /* LoginViewController.swift */,
				CA0A81BC2BAE2A7500B31139 /* LoginView.swift */,
			);
			path = Login;
			sourceTree = "<group>";
		};
		CA0A81BE2BB0C83800B31139 /* Onboarding */ = {
			isa = PBXGroup;
			children = (
				CA0A81BF2BB0C86000B31139 /* OnboardingContainerController.swift */,
				CA0A81C12BB0E26000B31139 /* OnboardingViewController.swift */,
			);
			path = Onboarding;
			sourceTree = "<group>";
		};
		CA0A81C32BB1424000B31139 /* Utils */ = {
			isa = PBXGroup;
			children = (
				CA0A81D42BB15E6600B31139 /* UIViewController+Utils.swift */,
				CA0A81E22BB29D6F00B31139 /* Decimal+Utils.swift */,
				CA4BF4D82BB37780003483C0 /* UITextField+Utils.swift */,
				CA1E63682BB36E5800EDB66E /* NSNotificationName+Utils.swift */,
				CA4BF4E32BB4C734003483C0 /* Date+Utils.swift */,
				CA0A81C42BB1425400B31139 /* LocalState.swift */,
				CA0A81D22BB15CC400B31139 /* CustomColors.swift */,
				CA1E63662BB2E04500EDB66E /* CurrencyFormatter.swift */,
			);
			path = Utils;
			sourceTree = "<group>";
		};
		CA0A81C62BB1579D00B31139 /* Files */ = {
			isa = PBXGroup;
			children = (
				CA0A81A72BAE278100B31139 /* AppDelegate.swift */,
				CA0A81A92BAE278100B31139 /* SceneDelegate.swift */,
				CA0A81AD2BAE278100B31139 /* Main.storyboard */,
				CA0A81B22BAE278200B31139 /* LaunchScreen.storyboard */,
				CA0A81B02BAE278200B31139 /* Assets.xcassets */,
			);
			path = Files;
			sourceTree = "<group>";
		};
		CA0A81C92BB1595100B31139 /* AccountSummary */ = {
			isa = PBXGroup;
			children = (
				CA0A81DA2BB24A3300B31139 /* Header */,
				CA0A81DB2BB24A4700B31139 /* Cell */,
				CA4BF4F32BB6397B003483C0 /* Networking */,
				CA0A81CA2BB1597200B31139 /* AccountSummaryViewController.swift */,
				CA4BF4E52BB4C921003483C0 /* AccountSummaryViewController+Networking.swift */,
			);
			path = AccountSummary;
			sourceTree = "<group>";
		};
		CA0A81CC2BB1599100B31139 /* MoveMoney */ = {
			isa = PBXGroup;
			children = (
				CA0A81CE2BB159CC00B31139 /* MoveMoneyViewController.swift */,
			);
			path = MoveMoney;
			sourceTree = "<group>";
		};
		CA0A81CD2BB159AF00B31139 /* More */ = {
			isa = PBXGroup;
			children = (
				CA0A81D02BB159E600B31139 /* MoreViewController.swift */,
			);
			path = More;
			sourceTree = "<group>";
		};
		CA0A81DA2BB24A3300B31139 /* Header */ = {
			isa = PBXGroup;
			children = (
				CA0A81D62BB2297B00B31139 /* AccountSummaryHeaderView.swift */,
				CA0A81D82BB229B400B31139 /* AccountSummaryHeaderView.xib */,
				CA4BF4E12BB4C473003483C0 /* AccountSummaryHeaderModel.swift */,
				CA4BF4E72BB4D75E003483C0 /* ProfileModel.swift */,
			);
			path = Header;
			sourceTree = "<group>";
		};
		CA0A81DB2BB24A4700B31139 /* Cell */ = {
			isa = PBXGroup;
			children = (
				CA0A81DC2BB24A7200B31139 /* AccountSummaryCell.swift */,
				CA0A81DE2BB24BCF00B31139 /* AccountSummaryCell.xib */,
				CA0A81E02BB2950100B31139 /* AccountModel.swift */,
				CA4BF4EF2BB54C2D003483C0 /* SkeletonLoadable.swift */,
				CA4BF4F12BB54D51003483C0 /* SkeletonCell.swift */,
			);
			path = Cell;
			sourceTree = "<group>";
		};
		CA1E635C2BB2D61A00EDB66E /* BankUnitTests */ = {
			isa = PBXGroup;
			children = (
				CA4BF4EA2BB4DD87003483C0 /* AccountSummary */,
				CA4BF4E92BB4DD67003483C0 /* Utils */,
			);
			path = BankUnitTests;
			sourceTree = "<group>";
		};
		CA4BF4DA2BB3BCCB003483C0 /* Components */ = {
			isa = PBXGroup;
			children = (
				CA4BF4DD2BB3BD87003483C0 /* ShakyBellView.swift */,
			);
			path = Components;
			sourceTree = "<group>";
		};
		CA4BF4E92BB4DD67003483C0 /* Utils */ = {
			isa = PBXGroup;
			children = (
				CA1E63642BB2D88900EDB66E /* CurrencyFormatterTests.swift */,
			);
			path = Utils;
			sourceTree = "<group>";
		};
		CA4BF4EA2BB4DD87003483C0 /* AccountSummary */ = {
			isa = PBXGroup;
			children = (
				CA4BF4EB2BB4DDB7003483C0 /* ProfileTests.swift */,
				CA4BF4ED2BB4E084003483C0 /* AccountTest.swift */,
				CA4BF4F62BB63CD4003483C0 /* AccountSummaryViewControllerTest.swift */,
			);
			path = AccountSummary;
			sourceTree = "<group>";
		};
		CA4BF4F32BB6397B003483C0 /* Networking */ = {
			isa = PBXGroup;
			children = (
				CA4BF4F42BB639BB003483C0 /* ProfileManager.swift */,
			);
			path = Networking;
			sourceTree = "<group>";
		};
/* End PBXGroup section */

/* Begin PBXNativeTarget section */
		CA0A81A32BAE278100B31139 /* Bank */ = {
			isa = PBXNativeTarget;
			buildConfigurationList = CA0A81B82BAE278200B31139 /* Build configuration list for PBXNativeTarget "Bank" */;
			buildPhases = (
				CA0A81A02BAE278100B31139 /* Sources */,
				CA0A81A12BAE278100B31139 /* Frameworks */,
				CA0A81A22BAE278100B31139 /* Resources */,
			);
			buildRules = (
			);
			dependencies = (
			);
			name = Bank;
			productName = bank;
			productReference = CA0A81A42BAE278100B31139 /* Bank.app */;
			productType = "com.apple.product-type.application";
		};
		CA1E635A2BB2D61A00EDB66E /* BankUnitTests */ = {
			isa = PBXNativeTarget;
			buildConfigurationList = CA1E63632BB2D61A00EDB66E /* Build configuration list for PBXNativeTarget "BankUnitTests" */;
			buildPhases = (
				CA1E63572BB2D61A00EDB66E /* Sources */,
				CA1E63582BB2D61A00EDB66E /* Frameworks */,
				CA1E63592BB2D61A00EDB66E /* Resources */,
			);
			buildRules = (
			);
			dependencies = (
				CA1E63602BB2D61A00EDB66E /* PBXTargetDependency */,
			);
			name = BankUnitTests;
			productName = bankUnitTests;
			productReference = CA1E635B2BB2D61A00EDB66E /* BankUnitTests.xctest */;
			productType = "com.apple.product-type.bundle.unit-test";
		};
/* End PBXNativeTarget section */

/* Begin PBXProject section */
		CA0A819C2BAE278100B31139 /* Project object */ = {
			isa = PBXProject;
			attributes = {
				BuildIndependentTargetsInParallel = 1;
				LastSwiftUpdateCheck = 1530;
				LastUpgradeCheck = 1530;
				TargetAttributes = {
					CA0A81A32BAE278100B31139 = {
						CreatedOnToolsVersion = 15.3;
					};
					CA1E635A2BB2D61A00EDB66E = {
						CreatedOnToolsVersion = 15.3;
						LastSwiftMigration = 1530;
						TestTargetID = CA0A81A32BAE278100B31139;
					};
				};
			};
			buildConfigurationList = CA0A819F2BAE278100B31139 /* Build configuration list for PBXProject "Bank" */;
			compatibilityVersion = "Xcode 14.0";
			developmentRegion = en;
			hasScannedForEncodings = 0;
			knownRegions = (
				en,
				Base,
			);
			mainGroup = CA0A819B2BAE278100B31139;
			productRefGroup = CA0A81A52BAE278100B31139 /* Products */;
			projectDirPath = "";
			projectRoot = "";
			targets = (
				CA0A81A32BAE278100B31139 /* Bank */,
				CA1E635A2BB2D61A00EDB66E /* BankUnitTests */,
			);
		};
/* End PBXProject section */

/* Begin PBXResourcesBuildPhase section */
		CA0A81A22BAE278100B31139 /* Resources */ = {
			isa = PBXResourcesBuildPhase;
			buildActionMask = 2147483647;
			files = (
				CA0A81D92BB229B400B31139 /* AccountSummaryHeaderView.xib in Resources */,
				CA0A81B12BAE278200B31139 /* Assets.xcassets in Resources */,
				CA0A81B42BAE278200B31139 /* Base in Resources */,
				CA0A81AF2BAE278100B31139 /* Base in Resources */,
				CA0A81DF2BB24BCF00B31139 /* AccountSummaryCell.xib in Resources */,
			);
			runOnlyForDeploymentPostprocessing = 0;
		};
		CA1E63592BB2D61A00EDB66E /* Resources */ = {
			isa = PBXResourcesBuildPhase;
			buildActionMask = 2147483647;
			files = (
			);
			runOnlyForDeploymentPostprocessing = 0;
		};
/* End PBXResourcesBuildPhase section */

/* Begin PBXSourcesBuildPhase section */
		CA0A81A02BAE278100B31139 /* Sources */ = {
			isa = PBXSourcesBuildPhase;
			buildActionMask = 2147483647;
			files = (
				CA1E63692BB36E5800EDB66E /* NSNotificationName+Utils.swift in Sources */,
				CA0A81E32BB29D6F00B31139 /* Decimal+Utils.swift in Sources */,
				CA0A81AC2BAE278100B31139 /* LoginViewController.swift in Sources */,
				CA4BF4F52BB639BB003483C0 /* ProfileManager.swift in Sources */,
				CA4BF4E42BB4C734003483C0 /* Date+Utils.swift in Sources */,
				CA4BF4F22BB54D51003483C0 /* SkeletonCell.swift in Sources */,
				CA4BF4E22BB4C473003483C0 /* AccountSummaryHeaderModel.swift in Sources */,
				CA4BF4E82BB4D75E003483C0 /* ProfileModel.swift in Sources */,
				CA0A81C52BB1425400B31139 /* LocalState.swift in Sources */,
				CA4BF4DE2BB3BD87003483C0 /* ShakyBellView.swift in Sources */,
				CA0A81C22BB0E26000B31139 /* OnboardingViewController.swift in Sources */,
				CA0A81C02BB0C86000B31139 /* OnboardingContainerController.swift in Sources */,
				CA0A81D12BB159E600B31139 /* MoreViewController.swift in Sources */,
				CA0A81A82BAE278100B31139 /* AppDelegate.swift in Sources */,
				CA1E63672BB2E04500EDB66E /* CurrencyFormatter.swift in Sources */,
				CA0A81DD2BB24A7200B31139 /* AccountSummaryCell.swift in Sources */,
				CA4BF4E62BB4C921003483C0 /* AccountSummaryViewController+Networking.swift in Sources */,
				CA0A81CF2BB159CC00B31139 /* MoveMoneyViewController.swift in Sources */,
				CA4BF4F02BB54C2D003483C0 /* SkeletonLoadable.swift in Sources */,
				CA0A81D52BB15E6600B31139 /* UIViewController+Utils.swift in Sources */,
				CA0A81BD2BAE2A7500B31139 /* LoginView.swift in Sources */,
				CA0A81AA2BAE278100B31139 /* SceneDelegate.swift in Sources */,
				CA0A81E12BB2950100B31139 /* AccountModel.swift in Sources */,
				CA0A81D72BB2297B00B31139 /* AccountSummaryHeaderView.swift in Sources */,
				CA4BF4D92BB37780003483C0 /* UITextField+Utils.swift in Sources */,
				CA0A81C82BB158D900B31139 /* MainViewController.swift in Sources */,
				CA0A81D32BB15CC400B31139 /* CustomColors.swift in Sources */,
				CA0A81CB2BB1597200B31139 /* AccountSummaryViewController.swift in Sources */,
			);
			runOnlyForDeploymentPostprocessing = 0;
		};
		CA1E63572BB2D61A00EDB66E /* Sources */ = {
			isa = PBXSourcesBuildPhase;
			buildActionMask = 2147483647;
			files = (
				CA1E63652BB2D88900EDB66E /* CurrencyFormatterTests.swift in Sources */,
				CA4BF4EE2BB4E084003483C0 /* AccountTest.swift in Sources */,
				CA4BF4EC2BB4DDB7003483C0 /* ProfileTests.swift in Sources */,
				CA4BF4F72BB63CD4003483C0 /* AccountSummaryViewControllerTest.swift in Sources */,
			);
			runOnlyForDeploymentPostprocessing = 0;
		};
/* End PBXSourcesBuildPhase section */

/* Begin PBXTargetDependency section */
		CA1E63602BB2D61A00EDB66E /* PBXTargetDependency */ = {
			isa = PBXTargetDependency;
			target = CA0A81A32BAE278100B31139 /* Bank */;
			targetProxy = CA1E635F2BB2D61A00EDB66E /* PBXContainerItemProxy */;
		};
/* End PBXTargetDependency section */

/* Begin PBXVariantGroup section */
		CA0A81AD2BAE278100B31139 /* Main.storyboard */ = {
			isa = PBXVariantGroup;
			children = (
				CA0A81AE2BAE278100B31139 /* Base */,
			);
			name = Main.storyboard;
			sourceTree = "<group>";
		};
		CA0A81B22BAE278200B31139 /* LaunchScreen.storyboard */ = {
			isa = PBXVariantGroup;
			children = (
				CA0A81B32BAE278200B31139 /* Base */,
			);
			name = LaunchScreen.storyboard;
			sourceTree = "<group>";
		};
/* End PBXVariantGroup section */

/* Begin XCBuildConfiguration section */
		CA0A81B62BAE278200B31139 /* Debug */ = {
			isa = XCBuildConfiguration;
			buildSettings = {
				ALWAYS_SEARCH_USER_PATHS = NO;
				ASSETCATALOG_COMPILER_GENERATE_SWIFT_ASSET_SYMBOL_EXTENSIONS = YES;
				CLANG_ANALYZER_NONNULL = YES;
				CLANG_ANALYZER_NUMBER_OBJECT_CONVERSION = YES_AGGRESSIVE;
				CLANG_CXX_LANGUAGE_STANDARD = "gnu++20";
				CLANG_ENABLE_MODULES = YES;
				CLANG_ENABLE_OBJC_ARC = YES;
				CLANG_ENABLE_OBJC_WEAK = YES;
				CLANG_WARN_BLOCK_CAPTURE_AUTORELEASING = YES;
				CLANG_WARN_BOOL_CONVERSION = YES;
				CLANG_WARN_COMMA = YES;
				CLANG_WARN_CONSTANT_CONVERSION = YES;
				CLANG_WARN_DEPRECATED_OBJC_IMPLEMENTATIONS = YES;
				CLANG_WARN_DIRECT_OBJC_ISA_USAGE = YES_ERROR;
				CLANG_WARN_DOCUMENTATION_COMMENTS = YES;
				CLANG_WARN_EMPTY_BODY = YES;
				CLANG_WARN_ENUM_CONVERSION = YES;
				CLANG_WARN_INFINITE_RECURSION = YES;
				CLANG_WARN_INT_CONVERSION = YES;
				CLANG_WARN_NON_LITERAL_NULL_CONVERSION = YES;
				CLANG_WARN_OBJC_IMPLICIT_RETAIN_SELF = YES;
				CLANG_WARN_OBJC_LITERAL_CONVERSION = YES;
				CLANG_WARN_OBJC_ROOT_CLASS = YES_ERROR;
				CLANG_WARN_QUOTED_INCLUDE_IN_FRAMEWORK_HEADER = YES;
				CLANG_WARN_RANGE_LOOP_ANALYSIS = YES;
				CLANG_WARN_STRICT_PROTOTYPES = YES;
				CLANG_WARN_SUSPICIOUS_MOVE = YES;
				CLANG_WARN_UNGUARDED_AVAILABILITY = YES_AGGRESSIVE;
				CLANG_WARN_UNREACHABLE_CODE = YES;
				CLANG_WARN__DUPLICATE_METHOD_MATCH = YES;
				COPY_PHASE_STRIP = NO;
				DEBUG_INFORMATION_FORMAT = dwarf;
				ENABLE_STRICT_OBJC_MSGSEND = YES;
				ENABLE_TESTABILITY = YES;
				ENABLE_USER_SCRIPT_SANDBOXING = YES;
				GCC_C_LANGUAGE_STANDARD = gnu17;
				GCC_DYNAMIC_NO_PIC = NO;
				GCC_NO_COMMON_BLOCKS = YES;
				GCC_OPTIMIZATION_LEVEL = 0;
				GCC_PREPROCESSOR_DEFINITIONS = (
					"DEBUG=1",
					"$(inherited)",
				);
				GCC_WARN_64_TO_32_BIT_CONVERSION = YES;
				GCC_WARN_ABOUT_RETURN_TYPE = YES_ERROR;
				GCC_WARN_UNDECLARED_SELECTOR = YES;
				GCC_WARN_UNINITIALIZED_AUTOS = YES_AGGRESSIVE;
				GCC_WARN_UNUSED_FUNCTION = YES;
				GCC_WARN_UNUSED_VARIABLE = YES;
				IPHONEOS_DEPLOYMENT_TARGET = 15;
				LOCALIZATION_PREFERS_STRING_CATALOGS = YES;
				MTL_ENABLE_DEBUG_INFO = INCLUDE_SOURCE;
				MTL_FAST_MATH = YES;
				ONLY_ACTIVE_ARCH = YES;
				SDKROOT = iphoneos;
				SWIFT_ACTIVE_COMPILATION_CONDITIONS = "DEBUG $(inherited)";
				SWIFT_OPTIMIZATION_LEVEL = "-Onone";
			};
			name = Debug;
		};
		CA0A81B72BAE278200B31139 /* Release */ = {
			isa = XCBuildConfiguration;
			buildSettings = {
				ALWAYS_SEARCH_USER_PATHS = NO;
				ASSETCATALOG_COMPILER_GENERATE_SWIFT_ASSET_SYMBOL_EXTENSIONS = YES;
				CLANG_ANALYZER_NONNULL = YES;
				CLANG_ANALYZER_NUMBER_OBJECT_CONVERSION = YES_AGGRESSIVE;
				CLANG_CXX_LANGUAGE_STANDARD = "gnu++20";
				CLANG_ENABLE_MODULES = YES;
				CLANG_ENABLE_OBJC_ARC = YES;
				CLANG_ENABLE_OBJC_WEAK = YES;
				CLANG_WARN_BLOCK_CAPTURE_AUTORELEASING = YES;
				CLANG_WARN_BOOL_CONVERSION = YES;
				CLANG_WARN_COMMA = YES;
				CLANG_WARN_CONSTANT_CONVERSION = YES;
				CLANG_WARN_DEPRECATED_OBJC_IMPLEMENTATIONS = YES;
				CLANG_WARN_DIRECT_OBJC_ISA_USAGE = YES_ERROR;
				CLANG_WARN_DOCUMENTATION_COMMENTS = YES;
				CLANG_WARN_EMPTY_BODY = YES;
				CLANG_WARN_ENUM_CONVERSION = YES;
				CLANG_WARN_INFINITE_RECURSION = YES;
				CLANG_WARN_INT_CONVERSION = YES;
				CLANG_WARN_NON_LITERAL_NULL_CONVERSION = YES;
				CLANG_WARN_OBJC_IMPLICIT_RETAIN_SELF = YES;
				CLANG_WARN_OBJC_LITERAL_CONVERSION = YES;
				CLANG_WARN_OBJC_ROOT_CLASS = YES_ERROR;
				CLANG_WARN_QUOTED_INCLUDE_IN_FRAMEWORK_HEADER = YES;
				CLANG_WARN_RANGE_LOOP_ANALYSIS = YES;
				CLANG_WARN_STRICT_PROTOTYPES = YES;
				CLANG_WARN_SUSPICIOUS_MOVE = YES;
				CLANG_WARN_UNGUARDED_AVAILABILITY = YES_AGGRESSIVE;
				CLANG_WARN_UNREACHABLE_CODE = YES;
				CLANG_WARN__DUPLICATE_METHOD_MATCH = YES;
				COPY_PHASE_STRIP = NO;
				DEBUG_INFORMATION_FORMAT = "dwarf-with-dsym";
				ENABLE_NS_ASSERTIONS = NO;
				ENABLE_STRICT_OBJC_MSGSEND = YES;
				ENABLE_USER_SCRIPT_SANDBOXING = YES;
				GCC_C_LANGUAGE_STANDARD = gnu17;
				GCC_NO_COMMON_BLOCKS = YES;
				GCC_WARN_64_TO_32_BIT_CONVERSION = YES;
				GCC_WARN_ABOUT_RETURN_TYPE = YES_ERROR;
				GCC_WARN_UNDECLARED_SELECTOR = YES;
				GCC_WARN_UNINITIALIZED_AUTOS = YES_AGGRESSIVE;
				GCC_WARN_UNUSED_FUNCTION = YES;
				GCC_WARN_UNUSED_VARIABLE = YES;
				IPHONEOS_DEPLOYMENT_TARGET = 15;
				LOCALIZATION_PREFERS_STRING_CATALOGS = YES;
				MTL_ENABLE_DEBUG_INFO = NO;
				MTL_FAST_MATH = YES;
				SDKROOT = iphoneos;
				SWIFT_COMPILATION_MODE = wholemodule;
				VALIDATE_PRODUCT = YES;
			};
			name = Release;
		};
		CA0A81B92BAE278200B31139 /* Debug */ = {
			isa = XCBuildConfiguration;
			buildSettings = {
				ASSETCATALOG_COMPILER_APPICON_NAME = AppIcon;
				ASSETCATALOG_COMPILER_GLOBAL_ACCENT_COLOR_NAME = AccentColor;
				CODE_SIGN_STYLE = Automatic;
				CURRENT_PROJECT_VERSION = 1;
				DEVELOPMENT_TEAM = QK56G4MSM3;
				GENERATE_INFOPLIST_FILE = YES;
				INFOPLIST_FILE = bank/Info.plist;
				INFOPLIST_KEY_UIApplicationSupportsIndirectInputEvents = YES;
				INFOPLIST_KEY_UILaunchStoryboardName = LaunchScreen;
				INFOPLIST_KEY_UIMainStoryboardFile = Main;
				INFOPLIST_KEY_UISupportedInterfaceOrientations_iPad = "UIInterfaceOrientationPortrait UIInterfaceOrientationPortraitUpsideDown UIInterfaceOrientationLandscapeLeft UIInterfaceOrientationLandscapeRight";
				INFOPLIST_KEY_UISupportedInterfaceOrientations_iPhone = "UIInterfaceOrientationPortrait UIInterfaceOrientationLandscapeLeft UIInterfaceOrientationLandscapeRight";
				LD_RUNPATH_SEARCH_PATHS = (
					"$(inherited)",
					"@executable_path/Frameworks",
				);
				MARKETING_VERSION = 1.0;
				PRODUCT_BUNDLE_IDENTIFIER = com.bakubaku.bank;
				PRODUCT_NAME = "$(TARGET_NAME)";
				SWIFT_EMIT_LOC_STRINGS = YES;
				SWIFT_VERSION = 5.0;
				TARGETED_DEVICE_FAMILY = "1,2";
			};
			name = Debug;
		};
		CA0A81BA2BAE278200B31139 /* Release */ = {
			isa = XCBuildConfiguration;
			buildSettings = {
				ASSETCATALOG_COMPILER_APPICON_NAME = AppIcon;
				ASSETCATALOG_COMPILER_GLOBAL_ACCENT_COLOR_NAME = AccentColor;
				CODE_SIGN_STYLE = Automatic;
				CURRENT_PROJECT_VERSION = 1;
				DEVELOPMENT_TEAM = QK56G4MSM3;
				GENERATE_INFOPLIST_FILE = YES;
				INFOPLIST_FILE = bank/Info.plist;
				INFOPLIST_KEY_UIApplicationSupportsIndirectInputEvents = YES;
				INFOPLIST_KEY_UILaunchStoryboardName = LaunchScreen;
				INFOPLIST_KEY_UIMainStoryboardFile = Main;
				INFOPLIST_KEY_UISupportedInterfaceOrientations_iPad = "UIInterfaceOrientationPortrait UIInterfaceOrientationPortraitUpsideDown UIInterfaceOrientationLandscapeLeft UIInterfaceOrientationLandscapeRight";
				INFOPLIST_KEY_UISupportedInterfaceOrientations_iPhone = "UIInterfaceOrientationPortrait UIInterfaceOrientationLandscapeLeft UIInterfaceOrientationLandscapeRight";
				LD_RUNPATH_SEARCH_PATHS = (
					"$(inherited)",
					"@executable_path/Frameworks",
				);
				MARKETING_VERSION = 1.0;
				PRODUCT_BUNDLE_IDENTIFIER = com.bakubaku.bank;
				PRODUCT_NAME = "$(TARGET_NAME)";
				SWIFT_EMIT_LOC_STRINGS = YES;
				SWIFT_VERSION = 5.0;
				TARGETED_DEVICE_FAMILY = "1,2";
			};
			name = Release;
		};
		CA1E63612BB2D61A00EDB66E /* Debug */ = {
			isa = XCBuildConfiguration;
			buildSettings = {
				BUNDLE_LOADER = "$(TEST_HOST)";
				CLANG_ENABLE_MODULES = YES;
				CODE_SIGN_STYLE = Automatic;
				CURRENT_PROJECT_VERSION = 1;
				DEVELOPMENT_TEAM = QK56G4MSM3;
				GENERATE_INFOPLIST_FILE = YES;
				IPHONEOS_DEPLOYMENT_TARGET = 17.4;
				MARKETING_VERSION = 1.0;
				PRODUCT_BUNDLE_IDENTIFIER = com.bakubaku.bankUnitTests;
				PRODUCT_NAME = "$(TARGET_NAME)";
				SWIFT_EMIT_LOC_STRINGS = NO;
				SWIFT_OPTIMIZATION_LEVEL = "-Onone";
				SWIFT_VERSION = 5.0;
				TARGETED_DEVICE_FAMILY = "1,2";
				TEST_HOST = "$(BUILT_PRODUCTS_DIR)/Bank.app/$(BUNDLE_EXECUTABLE_FOLDER_PATH)/Bank";
			};
			name = Debug;
		};
		CA1E63622BB2D61A00EDB66E /* Release */ = {
			isa = XCBuildConfiguration;
			buildSettings = {
				BUNDLE_LOADER = "$(TEST_HOST)";
				CLANG_ENABLE_MODULES = YES;
				CODE_SIGN_STYLE = Automatic;
				CURRENT_PROJECT_VERSION = 1;
				DEVELOPMENT_TEAM = QK56G4MSM3;
				GENERATE_INFOPLIST_FILE = YES;
				IPHONEOS_DEPLOYMENT_TARGET = 17.4;
				MARKETING_VERSION = 1.0;
				PRODUCT_BUNDLE_IDENTIFIER = com.bakubaku.bankUnitTests;
				PRODUCT_NAME = "$(TARGET_NAME)";
				SWIFT_EMIT_LOC_STRINGS = NO;
				SWIFT_VERSION = 5.0;
				TARGETED_DEVICE_FAMILY = "1,2";
				TEST_HOST = "$(BUILT_PRODUCTS_DIR)/Bank.app/$(BUNDLE_EXECUTABLE_FOLDER_PATH)/Bank";
			};
			name = Release;
		};
/* End XCBuildConfiguration section */

/* Begin XCConfigurationList section */
		CA0A819F2BAE278100B31139 /* Build configuration list for PBXProject "Bank" */ = {
			isa = XCConfigurationList;
			buildConfigurations = (
				CA0A81B62BAE278200B31139 /* Debug */,
				CA0A81B72BAE278200B31139 /* Release */,
			);
			defaultConfigurationIsVisible = 0;
			defaultConfigurationName = Release;
		};
		CA0A81B82BAE278200B31139 /* Build configuration list for PBXNativeTarget "Bank" */ = {
			isa = XCConfigurationList;
			buildConfigurations = (
				CA0A81B92BAE278200B31139 /* Debug */,
				CA0A81BA2BAE278200B31139 /* Release */,
			);
			defaultConfigurationIsVisible = 0;
			defaultConfigurationName = Release;
		};
		CA1E63632BB2D61A00EDB66E /* Build configuration list for PBXNativeTarget "BankUnitTests" */ = {
			isa = XCConfigurationList;
			buildConfigurations = (
				CA1E63612BB2D61A00EDB66E /* Debug */,
				CA1E63622BB2D61A00EDB66E /* Release */,
			);
			defaultConfigurationIsVisible = 0;
			defaultConfigurationName = Release;
		};
/* End XCConfigurationList section */
	};
	rootObject = CA0A819C2BAE278100B31139 /* Project object */;
}
